
Microsoft Visual Studio Solution File, Format Version 12.00
# Visual Studio Version 16
VisualStudioVersion = 16.0.31205.134
MinimumVisualStudioVersion = 10.0.40219.1
Project("{FAE04EC0-301F-11D3-BF4B-00C04F79EFBC}") = "Aletheia", "Aletheia\Aletheia.csproj", "{B529713D-7939-46DF-B485-5F8816DD9576}"
EndProject
Project("{9A19103F-16F7-4668-BE54-9A1E7A4F7556}") = "AletheiaUI", "AletheiaUI\AletheiaUI.csproj", "{47366EC9-2DF5-457F-BFE6-A356B5E9CE96}"
EndProject
Project("{8BC9CEB8-8B4A-11D0-8D11-00A0C91BC942}") = "TestApplication", "TestApplication\TestApplication.vcxproj", "{594DE9B1-02E4-4260-AA21-44EC5A699268}"
EndProject
Global
	GlobalSection(SolutionConfigurationPlatforms) = preSolution
		Debug|Any CPU = Debug|Any CPU
		Debug|ARM = Debug|ARM
		Debug|ARM64 = Debug|ARM64
		Debug|x64 = Debug|x64
		Debug|x86 = Debug|x86
		Release|Any CPU = Release|Any CPU
		Release|ARM = Release|ARM
		Release|ARM64 = Release|ARM64
		Release|x64 = Release|x64
		Release|x86 = Release|x86
	EndGlobalSection
	GlobalSection(ProjectConfigurationPlatforms) = postSolution
		{B529713D-7939-46DF-B485-5F8816DD9576}.Debug|Any CPU.ActiveCfg = Debug|Any CPU
		{B529713D-7939-46DF-B485-5F8816DD9576}.Debug|Any CPU.Build.0 = Debug|Any CPU
		{B529713D-7939-46DF-B485-5F8816DD9576}.Debug|ARM.ActiveCfg = Debug|Any CPU
		{B529713D-7939-46DF-B485-5F8816DD9576}.Debug|ARM.Build.0 = Debug|Any CPU
		{B529713D-7939-46DF-B485-5F8816DD9576}.Debug|ARM64.ActiveCfg = Debug|Any CPU
		{B529713D-7939-46DF-B485-5F8816DD9576}.Debug|ARM64.Build.0 = Debug|Any CPU
		{B529713D-7939-46DF-B485-5F8816DD9576}.Debug|x64.ActiveCfg = Debug|x64
		{B529713D-7939-46DF-B485-5F8816DD9576}.Debug|x64.Build.0 = Debug|x64
		{B529713D-7939-46DF-B485-5F8816DD9576}.Debug|x86.ActiveCfg = Debug|Any CPU
		{B529713D-7939-46DF-B485-5F8816DD9576}.Debug|x86.Build.0 = Debug|Any CPU
		{B529713D-7939-46DF-B485-5F8816DD9576}.Release|Any CPU.ActiveCfg = Release|Any CPU
		{B529713D-7939-46DF-B485-5F8816DD9576}.Release|Any CPU.Build.0 = Release|Any CPU
		{B529713D-7939-46DF-B485-5F8816DD9576}.Release|ARM.ActiveCfg = Release|Any CPU
		{B529713D-7939-46DF-B485-5F8816DD9576}.Release|ARM.Build.0 = Release|Any CPU
		{B529713D-7939-46DF-B485-5F8816DD9576}.Release|ARM64.ActiveCfg = Release|Any CPU
		{B529713D-7939-46DF-B485-5F8816DD9576}.Release|ARM64.Build.0 = Release|Any CPU
		{B529713D-7939-46DF-B485-5F8816DD9576}.Release|x64.ActiveCfg = Release|x64
		{B529713D-7939-46DF-B485-5F8816DD9576}.Release|x64.Build.0 = Release|x64
		{B529713D-7939-46DF-B485-5F8816DD9576}.Release|x86.ActiveCfg = Release|Any CPU
		{B529713D-7939-46DF-B485-5F8816DD9576}.Release|x86.Build.0 = Release|Any CPU
		{47366EC9-2DF5-457F-BFE6-A356B5E9CE96}.Debug|Any CPU.ActiveCfg = Debug|Any CPU
		{47366EC9-2DF5-457F-BFE6-A356B5E9CE96}.Debug|Any CPU.Build.0 = Debug|Any CPU
		{47366EC9-2DF5-457F-BFE6-A356B5E9CE96}.Debug|ARM.ActiveCfg = Debug|Any CPU
		{47366EC9-2DF5-457F-BFE6-A356B5E9CE96}.Debug|ARM.Build.0 = Debug|Any CPU
		{47366EC9-2DF5-457F-BFE6-A356B5E9CE96}.Debug|ARM64.ActiveCfg = Debug|Any CPU
		{47366EC9-2DF5-457F-BFE6-A356B5E9CE96}.Debug|ARM64.Build.0 = Debug|Any CPU
		{47366EC9-2DF5-457F-BFE6-A356B5E9CE96}.Debug|x64.ActiveCfg = Debug|Any CPU
		{47366EC9-2DF5-457F-BFE6-A356B5E9CE96}.Debug|x64.Build.0 = Debug|Any CPU
		{47366EC9-2DF5-457F-BFE6-A356B5E9CE96}.Debug|x86.ActiveCfg = Debug|Any CPU
		{47366EC9-2DF5-457F-BFE6-A356B5E9CE96}.Debug|x86.Build.0 = Debug|Any CPU
		{47366EC9-2DF5-457F-BFE6-A356B5E9CE96}.Release|Any CPU.ActiveCfg = Release|Any CPU
		{47366EC9-2DF5-457F-BFE6-A356B5E9CE96}.Release|Any CPU.Build.0 = Release|Any CPU
		{47366EC9-2DF5-457F-BFE6-A356B5E9CE96}.Release|ARM.ActiveCfg = Release|Any CPU
		{47366EC9-2DF5-457F-BFE6-A356B5E9CE96}.Release|ARM.Build.0 = Release|Any CPU
		{47366EC9-2DF5-457F-BFE6-A356B5E9CE96}.Release|ARM64.ActiveCfg = Release|Any CPU
		{47366EC9-2DF5-457F-BFE6-A356B5E9CE96}.Release|ARM64.Build.0 = Release|Any CPU
		{47366EC9-2DF5-457F-BFE6-A356B5E9CE96}.Release|x64.ActiveCfg = Release|Any CPU
		{47366EC9-2DF5-457F-BFE6-A356B5E9CE96}.Release|x64.Build.0 = Release|Any CPU
		{47366EC9-2DF5-457F-BFE6-A356B5E9CE96}.Release|x86.ActiveCfg = Release|Any CPU
		{47366EC9-2DF5-457F-BFE6-A356B5E9CE96}.Release|x86.Build.0 = Release|Any CPU
		{594DE9B1-02E4-4260-AA21-44EC5A699268}.Debug|Any CPU.ActiveCfg = Debug|Win32
		{594DE9B1-02E4-4260-AA21-44EC5A699268}.Debug|ARM.ActiveCfg = Debug|Win32
		{594DE9B1-02E4-4260-AA21-44EC5A699268}.Debug|ARM64.ActiveCfg = Debug|Win32
		{594DE9B1-02E4-4260-AA21-44EC5A699268}.Debug|x64.ActiveCfg = Debug|x64
		{594DE9B1-02E4-4260-AA21-44EC5A699268}.Debug|x64.Build.0 = Debug|x64
		{594DE9B1-02E4-4260-AA21-44EC5A699268}.Debug|x86.ActiveCfg = Debug|Win32
		{594DE9B1-02E4-4260-AA21-44EC5A699268}.Debug|x86.Build.0 = Debug|Win32
		{594DE9B1-02E4-4260-AA21-44EC5A699268}.Release|Any CPU.ActiveCfg = Release|Win32
		{594DE9B1-02E4-4260-AA21-44EC5A699268}.Release|ARM.ActiveCfg = Release|Win32
		{594DE9B1-02E4-4260-AA21-44EC5A699268}.Release|ARM64.ActiveCfg = Release|Win32
		{594DE9B1-02E4-4260-AA21-44EC5A699268}.Release|x64.ActiveCfg = Release|x64
		{594DE9B1-02E4-4260-AA21-44EC5A699268}.Release|x64.Build.0 = Release|x64
		{594DE9B1-02E4-4260-AA21-44EC5A699268}.Release|x86.ActiveCfg = Release|Win32
		{594DE9B1-02E4-4260-AA21-44EC5A699268}.Release|x86.Build.0 = Release|Win32
	EndGlobalSection
	GlobalSection(SolutionProperties) = preSolution
		HideSolutionNode = FALSE
	EndGlobalSection
	GlobalSection(ExtensibilityGlobals) = postSolution
		SolutionGuid = {4E208426-B24C-411A-B537-BE16DEA3F9FB}
	EndGlobalSection
EndGlobal
